
Microsoft Visual Studio Solution File, Format Version 12.00
# Visual Studio 15
VisualStudioVersion = 15.0.28010.2041
MinimumVisualStudioVersion = 10.0.40219.1
Project("{FAE04EC0-301F-11D3-BF4B-00C04F79EFBC}") = "Capstone", "Capstone\Capstone.csproj", "{1FC09CB0-7EE9-456D-ABB0-FD35EC113CE2}"
EndProject
Global
	GlobalSection(SolutionConfigurationPlatforms) = preSolution
		Debug|Any CPU = Debug|Any CPU
		Release|Any CPU = Release|Any CPU
	EndGlobalSection
	GlobalSection(ProjectConfigurationPlatforms) = postSolution
		{1FC09CB0-7EE9-456D-ABB0-FD35EC113CE2}.Debug|Any CPU.ActiveCfg = Debug|Any CPU
		{1FC09CB0-7EE9-456D-ABB0-FD35EC113CE2}.Debug|Any CPU.Build.0 = Debug|Any CPU
		{1FC09CB0-7EE9-456D-ABB0-FD35EC113CE2}.Release|Any CPU.ActiveCfg = Release|Any CPU
		{1FC09CB0-7EE9-456D-ABB0-FD35EC113CE2}.Release|Any CPU.Build.0 = Release|Any CPU
	EndGlobalSection
	GlobalSection(SolutionProperties) = preSolution
		HideSolutionNode = FALSE
	EndGlobalSection
	GlobalSection(ExtensibilityGlobals) = postSolution
		SolutionGuid = {4859784B-2C21-4DB0-B36B-99A99998C464}
	EndGlobalSection
EndGlobal
